
Microsoft Visual Studio Solution File, Format Version 12.00
# Visual Studio Version 17
VisualStudioVersion = 17.10.35013.160
MinimumVisualStudioVersion = 10.0.40219.1
Project("{9A19103F-16F7-4668-BE54-9A1E7A4F7556}") = "HelloML.App", "HelloML.App\HelloML.App.csproj", "{9ADFD915-2C11-49FE-B248-98CFCD923674}"
EndProject
Project("{FAE04EC0-301F-11D3-BF4B-00C04F79EFBC}") = "HelloML.Trainer", "HelloML.Trainer\HelloML.Trainer.csproj", "{D5D6DC3B-01A7-49EB-A959-C45C0F04E740}"
EndProject
Project("{FAE04EC0-301F-11D3-BF4B-00C04F79EFBC}") = "HelloML.Model", "HelloML.Model\HelloML.Model.csproj", "{87098441-D167-450C-A7A1-58918D73F9C1}"
EndProject
Global
	GlobalSection(SolutionConfigurationPlatforms) = preSolution
		Debug|Any CPU = Debug|Any CPU
		Release|Any CPU = Release|Any CPU
	EndGlobalSection
	GlobalSection(ProjectConfigurationPlatforms) = postSolution
		{9ADFD915-2C11-49FE-B248-98CFCD923674}.Debug|Any CPU.ActiveCfg = Debug|Any CPU
		{9ADFD915-2C11-49FE-B248-98CFCD923674}.Debug|Any CPU.Build.0 = Debug|Any CPU
		{9ADFD915-2C11-49FE-B248-98CFCD923674}.Release|Any CPU.ActiveCfg = Release|Any CPU
		{9ADFD915-2C11-49FE-B248-98CFCD923674}.Release|Any CPU.Build.0 = Release|Any CPU
		{D5D6DC3B-01A7-49EB-A959-C45C0F04E740}.Debug|Any CPU.ActiveCfg = Debug|Any CPU
		{D5D6DC3B-01A7-49EB-A959-C45C0F04E740}.Debug|Any CPU.Build.0 = Debug|Any CPU
		{D5D6DC3B-01A7-49EB-A959-C45C0F04E740}.Release|Any CPU.ActiveCfg = Release|Any CPU
		{D5D6DC3B-01A7-49EB-A959-C45C0F04E740}.Release|Any CPU.Build.0 = Release|Any CPU
		{87098441-D167-450C-A7A1-58918D73F9C1}.Debug|Any CPU.ActiveCfg = Debug|Any CPU
		{87098441-D167-450C-A7A1-58918D73F9C1}.Debug|Any CPU.Build.0 = Debug|Any CPU
		{87098441-D167-450C-A7A1-58918D73F9C1}.Release|Any CPU.ActiveCfg = Release|Any CPU
		{87098441-D167-450C-A7A1-58918D73F9C1}.Release|Any CPU.Build.0 = Release|Any CPU
	EndGlobalSection
	GlobalSection(SolutionProperties) = preSolution
		HideSolutionNode = FALSE
	EndGlobalSection
	GlobalSection(ExtensibilityGlobals) = postSolution
		SolutionGuid = {A9903D0E-E48F-45EC-98B1-04FF48D250A1}
	EndGlobalSection
EndGlobal
